{
  "requires": true,
  "lockfileVersion": 1,
  "dependencies": {
    "leaflet.browser.print": {
      "version": "1.0.5",
      "resolved": "https://registry.npmjs.org/leaflet.browser.print/-/leaflet.browser.print-1.0.5.tgz",
      "integrity": "sha512-g4sAyT+5WUPHl8nheO5lV54xmNRmGf1QBdjjtO3v+Feof2QUOHQXTLZ9B+JyKE3/6VFba/bA5Lu1vEsE7n7hqg=="
    }
  }
}
